
Microsoft Visual Studio Solution File, Format Version 12.00
# Visual Studio 14
VisualStudioVersion = 14.0.25420.1
MinimumVisualStudioVersion = 10.0.40219.1
Project("{FAE04EC0-301F-11D3-BF4B-00C04F79EFBC}") = "mail_mikrotik", "mail_mikrotik\mail_mikrotik.csproj", "{4F5A10C5-6F06-404B-B197-80887F18C171}"
EndProject
Global
	GlobalSection(SolutionConfigurationPlatforms) = preSolution
		Debug|Any CPU = Debug|Any CPU
		Release|Any CPU = Release|Any CPU
	EndGlobalSection
	GlobalSection(ProjectConfigurationPlatforms) = postSolution
		{4F5A10C5-6F06-404B-B197-80887F18C171}.Debug|Any CPU.ActiveCfg = Debug|Any CPU
		{4F5A10C5-6F06-404B-B197-80887F18C171}.Debug|Any CPU.Build.0 = Debug|Any CPU
		{4F5A10C5-6F06-404B-B197-80887F18C171}.Release|Any CPU.ActiveCfg = Release|Any CPU
		{4F5A10C5-6F06-404B-B197-80887F18C171}.Release|Any CPU.Build.0 = Release|Any CPU
	EndGlobalSection
	GlobalSection(SolutionProperties) = preSolution
		HideSolutionNode = FALSE
	EndGlobalSection
EndGlobal
